
Microsoft Visual Studio Solution File, Format Version 12.00
# Visual Studio 15
Project("{FAE04EC0-301F-11D3-BF4B-00C04F79EFBC}") = "Zenject", "Zenject.csproj", "{B3D31F81-7FF2-6D01-527F-233114686036}"
EndProject
Project("{FAE04EC0-301F-11D3-BF4B-00C04F79EFBC}") = "Assembly-CSharp", "Assembly-CSharp.csproj", "{19B03ED4-3301-163A-A7B3-8824E90E4FB2}"
EndProject
Project("{FAE04EC0-301F-11D3-BF4B-00C04F79EFBC}") = "Assembly-CSharp-Editor", "Assembly-CSharp-Editor.csproj", "{8B79AE2F-CE41-64D9-B24F-09D0D8CDD059}"
EndProject
Project("{FAE04EC0-301F-11D3-BF4B-00C04F79EFBC}") = "Zenject-Editor", "Zenject-Editor.csproj", "{C8CA28B4-DFC4-7505-F97D-434E29A41902}"
EndProject
Global
	GlobalSection(SolutionConfigurationPlatforms) = preSolution
		Debug|Any CPU = Debug|Any CPU
		Release|Any CPU = Release|Any CPU
	EndGlobalSection
	GlobalSection(ProjectConfigurationPlatforms) = postSolution
		{B3D31F81-7FF2-6D01-527F-233114686036}.Debug|Any CPU.ActiveCfg = Debug|Any CPU
		{B3D31F81-7FF2-6D01-527F-233114686036}.Debug|Any CPU.Build.0 = Debug|Any CPU
		{B3D31F81-7FF2-6D01-527F-233114686036}.Release|Any CPU.ActiveCfg = Release|Any CPU
		{B3D31F81-7FF2-6D01-527F-233114686036}.Release|Any CPU.Build.0 = Release|Any CPU
		{19B03ED4-3301-163A-A7B3-8824E90E4FB2}.Debug|Any CPU.ActiveCfg = Debug|Any CPU
		{19B03ED4-3301-163A-A7B3-8824E90E4FB2}.Debug|Any CPU.Build.0 = Debug|Any CPU
		{19B03ED4-3301-163A-A7B3-8824E90E4FB2}.Release|Any CPU.ActiveCfg = Release|Any CPU
		{19B03ED4-3301-163A-A7B3-8824E90E4FB2}.Release|Any CPU.Build.0 = Release|Any CPU
		{8B79AE2F-CE41-64D9-B24F-09D0D8CDD059}.Debug|Any CPU.ActiveCfg = Debug|Any CPU
		{8B79AE2F-CE41-64D9-B24F-09D0D8CDD059}.Debug|Any CPU.Build.0 = Debug|Any CPU
		{8B79AE2F-CE41-64D9-B24F-09D0D8CDD059}.Release|Any CPU.ActiveCfg = Release|Any CPU
		{8B79AE2F-CE41-64D9-B24F-09D0D8CDD059}.Release|Any CPU.Build.0 = Release|Any CPU
		{C8CA28B4-DFC4-7505-F97D-434E29A41902}.Debug|Any CPU.ActiveCfg = Debug|Any CPU
		{C8CA28B4-DFC4-7505-F97D-434E29A41902}.Debug|Any CPU.Build.0 = Debug|Any CPU
		{C8CA28B4-DFC4-7505-F97D-434E29A41902}.Release|Any CPU.ActiveCfg = Release|Any CPU
		{C8CA28B4-DFC4-7505-F97D-434E29A41902}.Release|Any CPU.Build.0 = Release|Any CPU
	EndGlobalSection
	GlobalSection(SolutionProperties) = preSolution
		HideSolutionNode = FALSE
	EndGlobalSection
EndGlobal
